<?xml version="1.0" encoding="UTF-8" standalone="yes" ?>
<CodeBlocks_project_file>
	<FileVersion major="1" minor="6" />
	<Project>
		<Option title="elLibrito_Feliz" />
		<Option pch_mode="2" />
		<Option compiler="gcc" />
		<Build>
			<Target title="Debug">
				<Option output="bin/Debug/elLibrito_Feliz" prefix_auto="1" extension_auto="1" />
				<Option object_output="obj/Debug/" />
				<Option type="1" />
				<Option compiler="gcc" />
				<Compiler>
					<Add option="-g" />
				</Compiler>
			</Target>
			<Target title="Release">
				<Option output="bin/Release/elLibrito_Feliz" prefix_auto="1" extension_auto="1" />
				<Option object_output="obj/Release/" />
				<Option type="1" />
				<Option compiler="gcc" />
				<Compiler>
					<Add option="-O2" />
				</Compiler>
				<Linker>
					<Add option="-s" />
				</Linker>
			</Target>
		</Build>
		<Compiler>
			<Add option="-Wall" />
			<Add option="-fexceptions" />
		</Compiler>
		<Unit filename="Fecha.cpp" />
		<Unit filename="Fecha.h" />
		<Unit filename="Socio.cpp" />
		<Unit filename="Socio.h" />
		<Unit filename="autores.cpp" />
		<Unit filename="autores.h">
			<Option target="&lt;{~None~}&gt;" />
		</Unit>
		<Unit filename="autoresManager.cpp" />
		<Unit filename="autoresManager.h">
			<Option target="&lt;{~None~}&gt;" />
		</Unit>
		<Unit filename="funcionesAuxiliares.cpp" />
		<Unit filename="funcionesAuxiliares.h">
			<Option target="&lt;{~None~}&gt;" />
		</Unit>
		<Unit filename="libro.cpp" />
		<Unit filename="libro.h" />
		<Unit filename="libroArchivo.cpp" />
		<Unit filename="libroArchivo.h" />
		<Unit filename="main.cpp" />
		<Unit filename="menuLibreria.cpp" />
		<Unit filename="menuLibreria.h" />
		<Unit filename="menuLibro.cpp" />
		<Unit filename="menuLibro.h" />
		<Unit filename="menuPrestamos.cpp" />
		<Unit filename="menuPrestamos.h" />
		<Unit filename="menuReportes.cpp" />
		<Unit filename="menuReportes.h" />
		<Unit filename="prestamos.cpp" />
		<Unit filename="prestamos.h" />
		<Unit filename="prestamosManager.cpp" />
		<Unit filename="prestamosManager.h" />
		<Unit filename="reportes.cpp" />
		<Unit filename="reportes.h" />
		<Unit filename="socioManager.cpp" />
		<Unit filename="socioManager.h" />
		<Unit filename="sociosArchivos.cpp" />
		<Unit filename="sociosArchivos.h" />
		<Extensions>
			<lib_finder disable_auto="1" />
		</Extensions>
	</Project>
</CodeBlocks_project_file>
